
Microsoft Visual Studio Solution File, Format Version 12.00
# Visual Studio Version 17
VisualStudioVersion = 17.8.34511.84
MinimumVisualStudioVersion = 10.0.40219.1
Project("{FAE04EC0-301F-11D3-BF4B-00C04F79EFBC}") = "ATV2_CJ3022234", "ATV2_CJ3022234\ATV2_CJ3022234.csproj", "{E872C257-212D-45A5-85E1-1B7529F6A47D}"
EndProject
Global
	GlobalSection(SolutionConfigurationPlatforms) = preSolution
		Debug|Any CPU = Debug|Any CPU
		Release|Any CPU = Release|Any CPU
	EndGlobalSection
	GlobalSection(ProjectConfigurationPlatforms) = postSolution
		{E872C257-212D-45A5-85E1-1B7529F6A47D}.Debug|Any CPU.ActiveCfg = Debug|Any CPU
		{E872C257-212D-45A5-85E1-1B7529F6A47D}.Debug|Any CPU.Build.0 = Debug|Any CPU
		{E872C257-212D-45A5-85E1-1B7529F6A47D}.Release|Any CPU.ActiveCfg = Release|Any CPU
		{E872C257-212D-45A5-85E1-1B7529F6A47D}.Release|Any CPU.Build.0 = Release|Any CPU
	EndGlobalSection
	GlobalSection(SolutionProperties) = preSolution
		HideSolutionNode = FALSE
	EndGlobalSection
	GlobalSection(ExtensibilityGlobals) = postSolution
		SolutionGuid = {FC8D49DE-2715-47D5-8482-68FAF58EE84C}
	EndGlobalSection
EndGlobal
